
Microsoft Visual Studio Solution File, Format Version 12.00
# Visual Studio 15
VisualStudioVersion = 15.0.26430.6
MinimumVisualStudioVersion = 10.0.40219.1
Project("{FAE04EC0-301F-11D3-BF4B-00C04F79EFBC}") = "TestAuth", "TestAuth\TestAuth.csproj", "{CF076FEA-100B-443E-B0DB-40F63C042116}"
EndProject
Global
	GlobalSection(SolutionConfigurationPlatforms) = preSolution
		Debug|Any CPU = Debug|Any CPU
		Release|Any CPU = Release|Any CPU
	EndGlobalSection
	GlobalSection(ProjectConfigurationPlatforms) = postSolution
		{CF076FEA-100B-443E-B0DB-40F63C042116}.Debug|Any CPU.ActiveCfg = Debug|Any CPU
		{CF076FEA-100B-443E-B0DB-40F63C042116}.Debug|Any CPU.Build.0 = Debug|Any CPU
		{CF076FEA-100B-443E-B0DB-40F63C042116}.Release|Any CPU.ActiveCfg = Release|Any CPU
		{CF076FEA-100B-443E-B0DB-40F63C042116}.Release|Any CPU.Build.0 = Release|Any CPU
	EndGlobalSection
	GlobalSection(SolutionProperties) = preSolution
		HideSolutionNode = FALSE
	EndGlobalSection
EndGlobal
